{
  "requires": true,
  "lockfileVersion": 1,
  "dependencies": {
    "@geoapify/geocoder-autocomplete": {
      "version": "1.2.1",
      "resolved": "https://registry.npmjs.org/@geoapify/geocoder-autocomplete/-/geocoder-autocomplete-1.2.1.tgz",
      "integrity": "sha512-JX45TIrNswDvSlTNy3+TT4w/2/4Gl+JXaq8blEAjF0kq4XI/MOK4GzfDeZQjXXbOqYyCJrVNQPnLRUNPMSWZbw=="
    }
  }
}
